
Microsoft Visual Studio Solution File, Format Version 12.00
Project("{FAE04EC0-301F-11D3-BF4B-00C04F79EFBC}") = "Labo 10", "Labo 10.csproj", "{D2873A6D-A432-4EDD-89E4-2F0D5C0BBA48}"
EndProject
Global
	GlobalSection(SolutionConfigurationPlatforms) = preSolution
		Debug|Any CPU = Debug|Any CPU
		Release|Any CPU = Release|Any CPU
	EndGlobalSection
	GlobalSection(ProjectConfigurationPlatforms) = postSolution
		{D2873A6D-A432-4EDD-89E4-2F0D5C0BBA48}.Debug|Any CPU.ActiveCfg = Debug|Any CPU
		{D2873A6D-A432-4EDD-89E4-2F0D5C0BBA48}.Debug|Any CPU.Build.0 = Debug|Any CPU
		{D2873A6D-A432-4EDD-89E4-2F0D5C0BBA48}.Release|Any CPU.ActiveCfg = Release|Any CPU
		{D2873A6D-A432-4EDD-89E4-2F0D5C0BBA48}.Release|Any CPU.Build.0 = Release|Any CPU
	EndGlobalSection
EndGlobal
